// !$*UTF8*$!
{
	archiveVersion = 1;
	classes = {
	};
	objectVersion = 46;
	objects = {

/* Begin PBXBuildFile section */
		A2650CFA1C689B2900D1EBBD /* AppDelegate.swift in Sources */ = {isa = PBXBuildFile; fileRef = A2650CF91C689B2900D1EBBD /* AppDelegate.swift */; };
		A2650CFC1C689B2900D1EBBD /* ViewController.swift in Sources */ = {isa = PBXBuildFile; fileRef = A2650CFB1C689B2900D1EBBD /* ViewController.swift */; };
		A2650CFF1C689B2900D1EBBD /* Main.storyboard in Resources */ = {isa = PBXBuildFile; fileRef = A2650CFD1C689B2900D1EBBD /* Main.storyboard */; };
		A2650D011C689B2900D1EBBD /* Assets.xcassets in Resources */ = {isa = PBXBuildFile; fileRef = A2650D001C689B2900D1EBBD /* Assets.xcassets */; };
/* End PBXBuildFile section */

/* Begin PBXFileReference section */
		A2650CF61C689B2900D1EBBD /* videoarchive-tv.app */ = {isa = PBXFileReference; explicitFileType = wrapper.application; includeInIndex = 0; path = "videoarchive-tv.app"; sourceTree = BUILT_PRODUCTS_DIR; };
		A2650CF91C689B2900D1EBBD /* AppDelegate.swift */ = {isa = PBXFileReference; lastKnownFileType = sourcecode.swift; path = AppDelegate.swift; sourceTree = "<group>"; };
		A2650CFB1C689B2900D1EBBD /* ViewController.swift */ = {isa = PBXFileReference; lastKnownFileType = sourcecode.swift; path = ViewController.swift; sourceTree = "<group>"; };
		A2650CFE1C689B2900D1EBBD /* Base */ = {isa = PBXFileReference; lastKnownFileType = file.storyboard; name = Base; path = Base.lproj/Main.storyboard; sourceTree = "<group>"; };
		A2650D001C689B2900D1EBBD /* Assets.xcassets */ = {isa = PBXFileReference; lastKnownFileType = folder.assetcatalog; path = Assets.xcassets; sourceTree = "<group>"; };
		A2650D021C689B2900D1EBBD /* Info.plist */ = {isa = PBXFileReference; lastKnownFileType = text.plist.xml; path = Info.plist; sourceTree = "<group>"; };
/* End PBXFileReference section */

/* Begin PBXFrameworksBuildPhase section */
		A2650CF31C689B2900D1EBBD /* Frameworks */ = {
			isa = PBXFrameworksBuildPhase;
			buildActionMask = 2147483647;
			files = (
			);
			runOnlyForDeploymentPostprocessing = 0;
		};
/* End PBXFrameworksBuildPhase section */

/* Begin PBXGroup section */
		A2650CED1C689B2900D1EBBD = {
			isa = PBXGroup;
			children = (
				A2650CF81C689B2900D1EBBD /* videoarchive-tv */,
				A2650CF71C689B2900D1EBBD /* Products */,
			);
			sourceTree = "<group>";
		};
		A2650CF71C689B2900D1EBBD /* Products */ = {
			isa = PBXGroup;
			children = (
				A2650CF61C689B2900D1EBBD /* videoarchive-tv.app */,
			);
			name = Products;
			sourceTree = "<group>";
		};
		A2650CF81C689B2900D1EBBD /* videoarchive-tv */ = {
			isa = PBXGroup;
			children = (
				A2650CF91C689B2900D1EBBD /* AppDelegate.swift */,
				A2650CFB1C689B2900D1EBBD /* ViewController.swift */,
				A2650CFD1C689B2900D1EBBD /* Main.storyboard */,
				A2650D001C689B2900D1EBBD /* Assets.xcassets */,
				A2650D021C689B2900D1EBBD /* Info.plist */,
			);
			path = "videoarchive-tv";
			sourceTree = "<group>";
		};
/* End PBXGroup section */

/* Begin PBXNativeTarget section */
		A2650CF51C689B2900D1EBBD /* videoarchive-tv */ = {
			isa = PBXNativeTarget;
			buildConfigurationList = A2650D051C689B2900D1EBBD /* Build configuration list for PBXNativeTarget "videoarchive-tv" */;
			buildPhases = (
				A2650CF21C689B2900D1EBBD /* Sources */,
				A2650CF31C689B2900D1EBBD /* Frameworks */,
				A2650CF41C689B2900D1EBBD /* Resources */,
			);
			buildRules = (
			);
			dependencies = (
			);
			name = "videoarchive-tv";
			productName = "videoarchive-tv";
			productReference = A2650CF61C689B2900D1EBBD /* videoarchive-tv.app */;
			productType = "com.apple.product-type.application";
		};
/* End PBXNativeTarget section */

/* Begin PBXProject section */
		A2650CEE1C689B2900D1EBBD /* Project object */ = {
			isa = PBXProject;
			attributes = {
				LastSwiftUpdateCheck = 0720;
				LastUpgradeCheck = 0720;
				ORGANIZATIONNAME = "Christoph Eicke";
				TargetAttributes = {
					A2650CF51C689B2900D1EBBD = {
						CreatedOnToolsVersion = 7.2.1;
						DevelopmentTeam = 3P69TXCM58;
					};
				};
			};
			buildConfigurationList = A2650CF11C689B2900D1EBBD /* Build configuration list for PBXProject "videoarchive-tv" */;
			compatibilityVersion = "Xcode 3.2";
			developmentRegion = English;
			hasScannedForEncodings = 0;
			knownRegions = (
				en,
				Base,
			);
			mainGroup = A2650CED1C689B2900D1EBBD;
			productRefGroup = A2650CF71C689B2900D1EBBD /* Products */;
			projectDirPath = "";
			projectRoot = "";
			targets = (
				A2650CF51C689B2900D1EBBD /* videoarchive-tv */,
			);
		};
/* End PBXProject section */

/* Begin PBXResourcesBuildPhase section */
		A2650CF41C689B2900D1EBBD /* Resources */ = {
			isa = PBXResourcesBuildPhase;
			buildActionMask = 2147483647;
			files = (
				A2650D011C689B2900D1EBBD /* Assets.xcassets in Resources */,
				A2650CFF1C689B2900D1EBBD /* Main.storyboard in Resources */,
			);
			runOnlyForDeploymentPostprocessing = 0;
		};
/* End PBXResourcesBuildPhase section */

/* Begin PBXSourcesBuildPhase section */
		A2650CF21C689B2900D1EBBD /* Sources */ = {
			isa = PBXSourcesBuildPhase;
			buildActionMask = 2147483647;
			files = (
				A2650CFC1C689B2900D1EBBD /* ViewController.swift in Sources */,
				A2650CFA1C689B2900D1EBBD /* AppDelegate.swift in Sources */,
			);
			runOnlyForDeploymentPostprocessing = 0;
		};
/* End PBXSourcesBuildPhase section */

/* Begin PBXVariantGroup section */
		A2650CFD1C689B2900D1EBBD /* Main.storyboard */ = {
			isa = PBXVariantGroup;
			children = (
				A2650CFE1C689B2900D1EBBD /* Base */,
			);
			name = Main.storyboard;
			sourceTree = "<group>";
		};
/* End PBXVariantGroup section */

/* Begin XCBuildConfiguration section */
		A2650D031C689B2900D1EBBD /* Debug */ = {
			isa = XCBuildConfiguration;
			buildSettings = {
				ALWAYS_SEARCH_USER_PATHS = NO;
				CLANG_CXX_LANGUAGE_STANDARD = "gnu++0x";
				CLANG_CXX_LIBRARY = "libc++";
				CLANG_ENABLE_MODULES = YES;
				CLANG_ENABLE_OBJC_ARC = YES;
				CLANG_WARN_BOOL_CONVERSION = YES;
				CLANG_WARN_CONSTANT_CONVERSION = YES;
				CLANG_WARN_DIRECT_OBJC_ISA_USAGE = YES_ERROR;
				CLANG_WARN_EMPTY_BODY = YES;
				CLANG_WARN_ENUM_CONVERSION = YES;
				CLANG_WARN_INT_CONVERSION = YES;
				CLANG_WARN_OBJC_ROOT_CLASS = YES_ERROR;
				CLANG_WARN_UNREACHABLE_CODE = YES;
				CLANG_WARN__DUPLICATE_METHOD_MATCH = YES;
				COPY_PHASE_STRIP = NO;
				DEBUG_INFORMATION_FORMAT = dwarf;
				ENABLE_STRICT_OBJC_MSGSEND = YES;
				ENABLE_TESTABILITY = YES;
				GCC_C_LANGUAGE_STANDARD = gnu99;
				GCC_DYNAMIC_NO_PIC = NO;
				GCC_NO_COMMON_BLOCKS = YES;
				GCC_OPTIMIZATION_LEVEL = 0;
				GCC_PREPROCESSOR_DEFINITIONS = (
					"DEBUG=1",
					"$(inherited)",
				);
				GCC_WARN_64_TO_32_BIT_CONVERSION = YES;
				GCC_WARN_ABOUT_RETURN_TYPE = YES_ERROR;
				GCC_WARN_UNDECLARED_SELECTOR = YES;
				GCC_WARN_UNINITIALIZED_AUTOS = YES_AGGRESSIVE;
				GCC_WARN_UNUSED_FUNCTION = YES;
				GCC_WARN_UNUSED_VARIABLE = YES;
				MTL_ENABLE_DEBUG_INFO = YES;
				ONLY_ACTIVE_ARCH = YES;
				SDKROOT = appletvos;
				SWIFT_OPTIMIZATION_LEVEL = "-Onone";
				TARGETED_DEVICE_FAMILY = 3;
				TVOS_DEPLOYMENT_TARGET = 9.1;
			};
			name = Debug;
		};
		A2650D041C689B2900D1EBBD /* Release */ = {
			isa = XCBuildConfiguration;
			buildSettings = {
				ALWAYS_SEARCH_USER_PATHS = NO;
				CLANG_CXX_LANGUAGE_STANDARD = "gnu++0x";
				CLANG_CXX_LIBRARY = "libc++";
				CLANG_ENABLE_MODULES = YES;
				CLANG_ENABLE_OBJC_ARC = YES;
				CLANG_WARN_BOOL_CONVERSION = YES;
				CLANG_WARN_CONSTANT_CONVERSION = YES;
				CLANG_WARN_DIRECT_OBJC_ISA_USAGE = YES_ERROR;
				CLANG_WARN_EMPTY_BODY = YES;
				CLANG_WARN_ENUM_CONVERSION = YES;
				CLANG_WARN_INT_CONVERSION = YES;
				CLANG_WARN_OBJC_ROOT_CLASS = YES_ERROR;
				CLANG_WARN_UNREACHABLE_CODE = YES;
				CLANG_WARN__DUPLICATE_METHOD_MATCH = YES;
				COPY_PHASE_STRIP = NO;
				DEBUG_INFORMATION_FORMAT = "dwarf-with-dsym";
				ENABLE_NS_ASSERTIONS = NO;
				ENABLE_STRICT_OBJC_MSGSEND = YES;
				GCC_C_LANGUAGE_STANDARD = gnu99;
				GCC_NO_COMMON_BLOCKS = YES;
				GCC_WARN_64_TO_32_BIT_CONVERSION = YES;
				GCC_WARN_ABOUT_RETURN_TYPE = YES_ERROR;
				GCC_WARN_UNDECLARED_SELECTOR = YES;
				GCC_WARN_UNINITIALIZED_AUTOS = YES_AGGRESSIVE;
				GCC_WARN_UNUSED_FUNCTION = YES;
				GCC_WARN_UNUSED_VARIABLE = YES;
				MTL_ENABLE_DEBUG_INFO = NO;
				SDKROOT = appletvos;
				TARGETED_DEVICE_FAMILY = 3;
				TVOS_DEPLOYMENT_TARGET = 9.1;
				VALIDATE_PRODUCT = YES;
			};
			name = Release;
		};
		A2650D061C689B2900D1EBBD /* Debug */ = {
			isa = XCBuildConfiguration;
			buildSettings = {
				ASSETCATALOG_COMPILER_APPICON_NAME = "App Icon & Top Shelf Image";
				ASSETCATALOG_COMPILER_LAUNCHIMAGE_NAME = LaunchImage;
				CODE_SIGN_IDENTITY = "iPhone Developer";
				"CODE_SIGN_IDENTITY[sdk=appletvos*]" = "iPhone Developer";
				INFOPLIST_FILE = "videoarchive-tv/Info.plist";
				LD_RUNPATH_SEARCH_PATHS = "$(inherited) @executable_path/Frameworks";
				PRODUCT_BUNDLE_IDENTIFIER = "org.geisterstunde.videoarchive-tv";
				PRODUCT_NAME = "$(TARGET_NAME)";
				PROVISIONING_PROFILE = "";
			};
			name = Debug;
		};
		A2650D071C689B2900D1EBBD /* Release */ = {
			isa = XCBuildConfiguration;
			buildSettings = {
				ASSETCATALOG_COMPILER_APPICON_NAME = "App Icon & Top Shelf Image";
				ASSETCATALOG_COMPILER_LAUNCHIMAGE_NAME = LaunchImage;
				CODE_SIGN_IDENTITY = "iPhone Developer";
				"CODE_SIGN_IDENTITY[sdk=appletvos*]" = "iPhone Developer";
				INFOPLIST_FILE = "videoarchive-tv/Info.plist";
				LD_RUNPATH_SEARCH_PATHS = "$(inherited) @executable_path/Frameworks";
				PRODUCT_BUNDLE_IDENTIFIER = "org.geisterstunde.videoarchive-tv";
				PRODUCT_NAME = "$(TARGET_NAME)";
				PROVISIONING_PROFILE = "";
			};
			name = Release;
		};
/* End XCBuildConfiguration section */

/* Begin XCConfigurationList section */
		A2650CF11C689B2900D1EBBD /* Build configuration list for PBXProject "videoarchive-tv" */ = {
			isa = XCConfigurationList;
			buildConfigurations = (
				A2650D031C689B2900D1EBBD /* Debug */,
				A2650D041C689B2900D1EBBD /* Release */,
			);
			defaultConfigurationIsVisible = 0;
			defaultConfigurationName = Release;
		};
		A2650D051C689B2900D1EBBD /* Build configuration list for PBXNativeTarget "videoarchive-tv" */ = {
			isa = XCConfigurationList;
			buildConfigurations = (
				A2650D061C689B2900D1EBBD /* Debug */,
				A2650D071C689B2900D1EBBD /* Release */,
			);
			defaultConfigurationIsVisible = 0;
		};
/* End XCConfigurationList section */
	};
	rootObject = A2650CEE1C689B2900D1EBBD /* Project object */;
}
